github.com/cdvelop/gobuild v0.0.16 h1:gtexUZXgaIWKBmqNhh8W3ybDldf54lWDrhPmmtN/qFQ=
github.com/cdvelop/gobuild v0.0.16/go.mod h1:FR1obeWgvKeZxgkkkBOANgZfu8XCVTQx8rcKSyHuOdM=
github.com/cdvelop/gorun v0.0.14 h1:G1a6Nl/5W7IF9RHBGiULqQ+DbkEnS66CTh7yzUwuGJQ=
github.com/cdvelop/gorun v0.0.14/go.mod h1:DhTPzWzM2D7QqZdZYDHulyYwFegovWaH7r0bX/6nRJQ=
github.com/cdvelop/mdgo v0.0.3 h1:j276BvzZ2PQJKllCsa5KwoLD2nMHPNo4Jwr4m6o1eC0=
github.com/cdvelop/mdgo v0.0.3/go.mod h1:PSik5gSjVWrm5d1odtxhPVI0+a7k4ocsUwRUZMjUAe4=
github.com/cdvelop/tinystring v0.11.0 h1:CGZt2u3JoRyxAFrpKNICGVDCHP2bI0d8ejxFlgo8SYQ=
github.com/cdvelop/tinystring v0.11.0/go.mod h1:m12IsLVkhIRv/kA7bercPtzfdZhx2WtuZUPZWZhUsgw=
