github.com/jessevdk/go-flags v1.4.0/go.mod h1:4FA24M0QyGHXBuZZK/XkWh8h0e1EYbRYJSGM75WSRxI=
github.com/smallstep/truststore v0.13.0 h1:90if9htAOblavbMeWlqNLnO9bsjjgVv2hQeQJCi/py4=
github.com/smallstep/truststore v0.13.0/go.mod h1:3tmMp2aLKZ/OA/jnFUB0cYPcho402UG2knuJoPh4j7A=
github.com/tinywasm/fmt v0.25.3 h1:CkyjeKvSFM8BxRWleb4gaPak8Fe+VKPWvnW0UU7KvQE=
github.com/tinywasm/fmt v0.25.3/go.mod h1:L2GCAi6asgytPV6TVvGrRq5Ml+DkUt1Ijo5i/2J1jOY=
github.com/tinywasm/gobuild v0.0.26 h1:19Cyzb3nYlueWPRPEQNdTM6+OXTXuP5Ro+jNBYj3ptY=
github.com/tinywasm/gobuild v0.0.26/go.mod h1:48JVlXnOy8ZBiz/vz5rWMxv4ZrQvB5Fbw22kOx6RfZY=
github.com/tinywasm/gorun v0.0.24 h1:qduMrpcw0nf65nx8Fi2duBWN7pCIwXxePPa9KL0rmWM=
github.com/tinywasm/gorun v0.0.24/go.mod h1:9pApF2ZoaH/km6kGBVxL5WlStOoLwEZiV1uG4R4qeKo=
github.com/tinywasm/json v0.5.11 h1:hG8RYmwtbxs4pC/i3EgQgsWe2C42LhUSA3i+YzPt818=
github.com/tinywasm/json v0.5.11/go.mod h1:6UeL7bWypYLIWsF12pOOwpYJci8YmW02+d85dShStL8=
github.com/tinywasm/markdown v0.0.2 h1:dSt9UQPeZgaaPE30gjGYhh/UBxMKGJN+yJyUUz/BgNA=
github.com/tinywasm/markdown v0.0.2/go.mod h1:0SAcxF8xzuudJ3DrYl3mDISgwQmYzXeR7al0cLjZP1M=
github.com/tinywasm/model v0.0.13 h1:SN66uuGmi+DVdbcefhKYi2b/86o2fGaU8bYxDYS7b6E=
github.com/tinywasm/model v0.0.13/go.mod h1:wkYZLW6CWVrlx5TiLEBL71KgDxhjUcFtY3KXZKpkCXA=
github.com/tinywasm/router v0.1.11 h1:oXNXzg9tTdtCFbJTmzGXv3oIksDvlsUkNb55US8XVHg=
github.com/tinywasm/router v0.1.11/go.mod h1:HM/9YKk0c8JKdPPCNLVGVpB48k6vXfhl2Q9C+tVujSo=
golang.org/x/crypto v0.53.0 h1:QZ4Muo8THX6CizN2vPPd5fBGHyogrdK9fG4wLPFUsto=
golang.org/x/crypto v0.53.0/go.mod h1:DNLU434OwVakk9PzuwV8w62mAJpRJL3vsgcfp4Qnsio=
golang.org/x/net v0.55.0 h1:bcvxaJn3e1U6InsFWt1JUq1aSjnRxLzT2rtD2KfkDF8=
golang.org/x/net v0.55.0/go.mod h1:L5U2KuzuOe1lY7Z+aWVIKK6qEeJXnXV9yzGA+WCHJww=
golang.org/x/text v0.38.0 h1:sXmwo9DwP3OK9EZ7PqAdaooSGozfl/3a6/xJcbzPRhE=
golang.org/x/text v0.38.0/go.mod h1:YXZt3QhHUKYT53r2lLKFIVi6Ao1jdzrTR/KQ09qyxF4=
gopkg.in/check.v1 v0.0.0-20161208181325-20d25e280405/go.mod h1:Co6ibVJAznAaIkqp8huTwlJQCZ016jof/cbN4VW5Yz0=
gopkg.in/yaml.v1 v1.0.0-20140924161607-9f9df34309c0/go.mod h1:WDnlLJ4WF5VGsH/HVa3CI79GS0ol3YnhVnKP89i0kNg=
howett.net/plist v1.0.0 h1:7CrbWYbPPO/PyNy38b2EB/+gYbjCe2DXBxgtOOZbSQM=
howett.net/plist v1.0.0/go.mod h1:lqaXoTrLY4hg8tnEzNru53gicrbv7rrk+2xJA/7hw9g=
