github.com/cdvelop/gobuild v0.0.6 h1:iFFD/RdOH1bVorECzO42aH/VoZ6NFpkI+9mZ0Dpbq48=
github.com/cdvelop/gobuild v0.0.6/go.mod h1:FR1obeWgvKeZxgkkkBOANgZfu8XCVTQx8rcKSyHuOdM=
github.com/cdvelop/gorun v0.0.7 h1:J8bMqTkINbnLxIj1kO/ef7KXkXi7lMVm0coM0Qv7hLQ=
github.com/cdvelop/gorun v0.0.7/go.mod h1:DhTPzWzM2D7QqZdZYDHulyYwFegovWaH7r0bX/6nRJQ=
